
Microsoft Visual Studio Solution File, Format Version 12.00
# Visual Studio Version 16
VisualStudioVersion = 16.0.30717.126
MinimumVisualStudioVersion = 10.0.40219.1
Project("{9A19103F-16F7-4668-BE54-9A1E7A4F7556}") = "Devystri", "Devystri\Devystri.csproj", "{A62B253C-FDA3-46AD-BD5A-9F88F8D88377}"
EndProject
Project("{2150E333-8FDC-42A3-9474-1A3956D46DE8}") = "Libs", "Libs", "{68460F48-5AAD-4578-9B31-DDFE83B0E734}"
EndProject
Project("{9A19103F-16F7-4668-BE54-9A1E7A4F7556}") = "Data", "Data\Data.csproj", "{A05EB3F3-4597-4779-9C4C-0E7211C058DC}"
EndProject
<<<<<<< Updated upstream
Project("{FAE04EC0-301F-11D3-BF4B-00C04F79EFBC}") = "Middleware", "Middleware\Middleware.csproj", "{6D024AFC-09D8-47C8-B5DF-B067C3ACC43C}"
=======
Project("{9A19103F-16F7-4668-BE54-9A1E7A4F7556}") = "Modules", "Modules\Modules.csproj", "{7BF343B1-AE76-4CE8-B203-9CEAF24B7B70}"
>>>>>>> Stashed changes
EndProject
Global
	GlobalSection(SolutionConfigurationPlatforms) = preSolution
		Debug|Any CPU = Debug|Any CPU
		Release|Any CPU = Release|Any CPU
	EndGlobalSection
	GlobalSection(ProjectConfigurationPlatforms) = postSolution
		{A62B253C-FDA3-46AD-BD5A-9F88F8D88377}.Debug|Any CPU.ActiveCfg = Debug|Any CPU
		{A62B253C-FDA3-46AD-BD5A-9F88F8D88377}.Debug|Any CPU.Build.0 = Debug|Any CPU
		{A62B253C-FDA3-46AD-BD5A-9F88F8D88377}.Release|Any CPU.ActiveCfg = Release|Any CPU
		{A62B253C-FDA3-46AD-BD5A-9F88F8D88377}.Release|Any CPU.Build.0 = Release|Any CPU
		{A05EB3F3-4597-4779-9C4C-0E7211C058DC}.Debug|Any CPU.ActiveCfg = Debug|Any CPU
		{A05EB3F3-4597-4779-9C4C-0E7211C058DC}.Debug|Any CPU.Build.0 = Debug|Any CPU
		{A05EB3F3-4597-4779-9C4C-0E7211C058DC}.Release|Any CPU.ActiveCfg = Release|Any CPU
		{A05EB3F3-4597-4779-9C4C-0E7211C058DC}.Release|Any CPU.Build.0 = Release|Any CPU
<<<<<<< Updated upstream
		{6D024AFC-09D8-47C8-B5DF-B067C3ACC43C}.Debug|Any CPU.ActiveCfg = Debug|Any CPU
		{6D024AFC-09D8-47C8-B5DF-B067C3ACC43C}.Debug|Any CPU.Build.0 = Debug|Any CPU
		{6D024AFC-09D8-47C8-B5DF-B067C3ACC43C}.Release|Any CPU.ActiveCfg = Release|Any CPU
		{6D024AFC-09D8-47C8-B5DF-B067C3ACC43C}.Release|Any CPU.Build.0 = Release|Any CPU
=======
		{7BF343B1-AE76-4CE8-B203-9CEAF24B7B70}.Debug|Any CPU.ActiveCfg = Debug|Any CPU
		{7BF343B1-AE76-4CE8-B203-9CEAF24B7B70}.Debug|Any CPU.Build.0 = Debug|Any CPU
		{7BF343B1-AE76-4CE8-B203-9CEAF24B7B70}.Release|Any CPU.ActiveCfg = Release|Any CPU
		{7BF343B1-AE76-4CE8-B203-9CEAF24B7B70}.Release|Any CPU.Build.0 = Release|Any CPU
>>>>>>> Stashed changes
	EndGlobalSection
	GlobalSection(SolutionProperties) = preSolution
		HideSolutionNode = FALSE
	EndGlobalSection
	GlobalSection(NestedProjects) = preSolution
		{A05EB3F3-4597-4779-9C4C-0E7211C058DC} = {68460F48-5AAD-4578-9B31-DDFE83B0E734}
<<<<<<< Updated upstream
		{6D024AFC-09D8-47C8-B5DF-B067C3ACC43C} = {68460F48-5AAD-4578-9B31-DDFE83B0E734}
=======
		{7BF343B1-AE76-4CE8-B203-9CEAF24B7B70} = {68460F48-5AAD-4578-9B31-DDFE83B0E734}
>>>>>>> Stashed changes
	EndGlobalSection
	GlobalSection(ExtensibilityGlobals) = postSolution
		SolutionGuid = {2B2B09B3-7516-4521-868B-07D5B4E608C6}
	EndGlobalSection
EndGlobal
